
Microsoft Visual Studio Solution File, Format Version 12.00
# Visual Studio Version 17
VisualStudioVersion = 17.0.31903.59
MinimumVisualStudioVersion = 10.0.40219.1
Project("{FAE04EC0-301F-11D3-BF4B-00C04F79EFBC}") = "Rivened", "Rivened\Rivened.csproj", "{6661C295-35AB-41B0-8C1A-48B016A8A711}"
EndProject
Global
	GlobalSection(SolutionConfigurationPlatforms) = preSolution
		Debug|Any CPU = Debug|Any CPU
		Release|Any CPU = Release|Any CPU
	EndGlobalSection
	GlobalSection(SolutionProperties) = preSolution
		HideSolutionNode = FALSE
	EndGlobalSection
	GlobalSection(ProjectConfigurationPlatforms) = postSolution
		{6661C295-35AB-41B0-8C1A-48B016A8A711}.Debug|Any CPU.ActiveCfg = Debug|Any CPU
		{6661C295-35AB-41B0-8C1A-48B016A8A711}.Debug|Any CPU.Build.0 = Debug|Any CPU
		{6661C295-35AB-41B0-8C1A-48B016A8A711}.Release|Any CPU.ActiveCfg = Release|Any CPU
		{6661C295-35AB-41B0-8C1A-48B016A8A711}.Release|Any CPU.Build.0 = Release|Any CPU
		{7C976146-7572-40CC-B6F1-D6A6F7AA6955}.Debug|Any CPU.ActiveCfg = Debug|Any CPU
		{7C976146-7572-40CC-B6F1-D6A6F7AA6955}.Debug|Any CPU.Build.0 = Debug|Any CPU
		{7C976146-7572-40CC-B6F1-D6A6F7AA6955}.Release|Any CPU.ActiveCfg = Release|Any CPU
		{7C976146-7572-40CC-B6F1-D6A6F7AA6955}.Release|Any CPU.Build.0 = Release|Any CPU
		{307186D4-D033-4A42-988C-84CB64FBDE1B}.Debug|Any CPU.ActiveCfg = Debug|Any CPU
		{307186D4-D033-4A42-988C-84CB64FBDE1B}.Debug|Any CPU.Build.0 = Debug|Any CPU
		{307186D4-D033-4A42-988C-84CB64FBDE1B}.Release|Any CPU.ActiveCfg = Release|Any CPU
		{307186D4-D033-4A42-988C-84CB64FBDE1B}.Release|Any CPU.Build.0 = Release|Any CPU
	EndGlobalSection
EndGlobal
